// !$*UTF8*$!
{
	archiveVersion = 1;
	classes = {
	};
	objectVersion = 48;
	objects = {

/* Begin PBXBuildFile section */
		28DEAC781FE3BE0A0006983C /* AppDelegate.m in Sources */ = {isa = PBXBuildFile; fileRef = 28DEAC771FE3BE0A0006983C /* AppDelegate.m */; };
		28DEAC7B1FE3BE0A0006983C /* ViewController.m in Sources */ = {isa = PBXBuildFile; fileRef = 28DEAC7A1FE3BE0A0006983C /* ViewController.m */; };
		28DEAC7E1FE3BE0A0006983C /* Main.storyboard in Resources */ = {isa = PBXBuildFile; fileRef = 28DEAC7C1FE3BE0A0006983C /* Main.storyboard */; };
		28DEAC801FE3BE0A0006983C /* Assets.xcassets in Resources */ = {isa = PBXBuildFile; fileRef = 28DEAC7F1FE3BE0A0006983C /* Assets.xcassets */; };
		28DEAC831FE3BE0A0006983C /* LaunchScreen.storyboard in Resources */ = {isa = PBXBuildFile; fileRef = 28DEAC811FE3BE0A0006983C /* LaunchScreen.storyboard */; };
		28DEAC861FE3BE0A0006983C /* main.m in Sources */ = {isa = PBXBuildFile; fileRef = 28DEAC851FE3BE0A0006983C /* main.m */; };
/* End PBXBuildFile section */

/* Begin PBXFileReference section */
		28DEAC731FE3BE0A0006983C /* ChooseDate_XIB.app */ = {isa = PBXFileReference; explicitFileType = wrapper.application; includeInIndex = 0; path = ChooseDate_XIB.app; sourceTree = BUILT_PRODUCTS_DIR; };
		28DEAC761FE3BE0A0006983C /* AppDelegate.h */ = {isa = PBXFileReference; lastKnownFileType = sourcecode.c.h; path = AppDelegate.h; sourceTree = "<group>"; };
		28DEAC771FE3BE0A0006983C /* AppDelegate.m */ = {isa = PBXFileReference; lastKnownFileType = sourcecode.c.objc; path = AppDelegate.m; sourceTree = "<group>"; };
		28DEAC791FE3BE0A0006983C /* ViewController.h */ = {isa = PBXFileReference; lastKnownFileType = sourcecode.c.h; path = ViewController.h; sourceTree = "<group>"; };
		28DEAC7A1FE3BE0A0006983C /* ViewController.m */ = {isa = PBXFileReference; lastKnownFileType = sourcecode.c.objc; path = ViewController.m; sourceTree = "<group>"; };
		28DEAC7D1FE3BE0A0006983C /* Base */ = {isa = PBXFileReference; lastKnownFileType = file.storyboard; name = Base; path = Base.lproj/Main.storyboard; sourceTree = "<group>"; };
		28DEAC7F1FE3BE0A0006983C /* Assets.xcassets */ = {isa = PBXFileReference; lastKnownFileType = folder.assetcatalog; path = Assets.xcassets; sourceTree = "<group>"; };
		28DEAC821FE3BE0A0006983C /* Base */ = {isa = PBXFileReference; lastKnownFileType = file.storyboard; name = Base; path = Base.lproj/LaunchScreen.storyboard; sourceTree = "<group>"; };
		28DEAC841FE3BE0A0006983C /* Info.plist */ = {isa = PBXFileReference; lastKnownFileType = text.plist.xml; path = Info.plist; sourceTree = "<group>"; };
		28DEAC851FE3BE0A0006983C /* main.m */ = {isa = PBXFileReference; lastKnownFileType = sourcecode.c.objc; path = main.m; sourceTree = "<group>"; };
/* End PBXFileReference section */

/* Begin PBXFrameworksBuildPhase section */
		28DEAC701FE3BE0A0006983C /* Frameworks */ = {
			isa = PBXFrameworksBuildPhase;
			buildActionMask = 2147483647;
			files = (
			);
			runOnlyForDeploymentPostprocessing = 0;
		};
/* End PBXFrameworksBuildPhase section */

/* Begin PBXGroup section */
		28DEAC6A1FE3BE0A0006983C = {
			isa = PBXGroup;
			children = (
				28DEAC751FE3BE0A0006983C /* ChooseDate_XIB */,
				28DEAC741FE3BE0A0006983C /* Products */,
			);
			sourceTree = "<group>";
		};
		28DEAC741FE3BE0A0006983C /* Products */ = {
			isa = PBXGroup;
			children = (
				28DEAC731FE3BE0A0006983C /* ChooseDate_XIB.app */,
			);
			name = Products;
			sourceTree = "<group>";
		};
		28DEAC751FE3BE0A0006983C /* ChooseDate_XIB */ = {
			isa = PBXGroup;
			children = (
				28DEAC761FE3BE0A0006983C /* AppDelegate.h */,
				28DEAC771FE3BE0A0006983C /* AppDelegate.m */,
				28DEAC791FE3BE0A0006983C /* ViewController.h */,
				28DEAC7A1FE3BE0A0006983C /* ViewController.m */,
				28DEAC7C1FE3BE0A0006983C /* Main.storyboard */,
				28DEAC7F1FE3BE0A0006983C /* Assets.xcassets */,
				28DEAC811FE3BE0A0006983C /* LaunchScreen.storyboard */,
				28DEAC841FE3BE0A0006983C /* Info.plist */,
				28DEAC851FE3BE0A0006983C /* main.m */,
			);
			path = ChooseDate_XIB;
			sourceTree = "<group>";
		};
/* End PBXGroup section */

/* Begin PBXNativeTarget section */
		28DEAC721FE3BE0A0006983C /* ChooseDate_XIB */ = {
			isa = PBXNativeTarget;
			buildConfigurationList = 28DEAC891FE3BE0A0006983C /* Build configuration list for PBXNativeTarget "ChooseDate_XIB" */;
			buildPhases = (
				28DEAC6F1FE3BE0A0006983C /* Sources */,
				28DEAC701FE3BE0A0006983C /* Frameworks */,
				28DEAC711FE3BE0A0006983C /* Resources */,
			);
			buildRules = (
			);
			dependencies = (
			);
			name = ChooseDate_XIB;
			productName = ChooseDate_XIB;
			productReference = 28DEAC731FE3BE0A0006983C /* ChooseDate_XIB.app */;
			productType = "com.apple.product-type.application";
		};
/* End PBXNativeTarget section */

/* Begin PBXProject section */
		28DEAC6B1FE3BE0A0006983C /* Project object */ = {
			isa = PBXProject;
			attributes = {
				LastUpgradeCheck = 0920;
				ORGANIZATIONNAME = wanglz;
				TargetAttributes = {
					28DEAC721FE3BE0A0006983C = {
						CreatedOnToolsVersion = 9.2;
						ProvisioningStyle = Manual;
					};
				};
			};
			buildConfigurationList = 28DEAC6E1FE3BE0A0006983C /* Build configuration list for PBXProject "ChooseDate_XIB" */;
			compatibilityVersion = "Xcode 8.0";
			developmentRegion = en;
			hasScannedForEncodings = 0;
			knownRegions = (
				en,
				Base,
			);
			mainGroup = 28DEAC6A1FE3BE0A0006983C;
			productRefGroup = 28DEAC741FE3BE0A0006983C /* Products */;
			projectDirPath = "";
			projectRoot = "";
			targets = (
				28DEAC721FE3BE0A0006983C /* ChooseDate_XIB */,
			);
		};
/* End PBXProject section */

/* Begin PBXResourcesBuildPhase section */
		28DEAC711FE3BE0A0006983C /* Resources */ = {
			isa = PBXResourcesBuildPhase;
			buildActionMask = 2147483647;
			files = (
				28DEAC831FE3BE0A0006983C /* LaunchScreen.storyboard in Resources */,
				28DEAC801FE3BE0A0006983C /* Assets.xcassets in Resources */,
				28DEAC7E1FE3BE0A0006983C /* Main.storyboard in Resources */,
			);
			runOnlyForDeploymentPostprocessing = 0;
		};
/* End PBXResourcesBuildPhase section */

/* Begin PBXSourcesBuildPhase section */
		28DEAC6F1FE3BE0A0006983C /* Sources */ = {
			isa = PBXSourcesBuildPhase;
			buildActionMask = 2147483647;
			files = (
				28DEAC7B1FE3BE0A0006983C /* ViewController.m in Sources */,
				28DEAC861FE3BE0A0006983C /* main.m in Sources */,
				28DEAC781FE3BE0A0006983C /* AppDelegate.m in Sources */,
			);
			runOnlyForDeploymentPostprocessing = 0;
		};
/* End PBXSourcesBuildPhase section */

/* Begin PBXVariantGroup section */
		28DEAC7C1FE3BE0A0006983C /* Main.storyboard */ = {
			isa = PBXVariantGroup;
			children = (
				28DEAC7D1FE3BE0A0006983C /* Base */,
			);
			name = Main.storyboard;
			sourceTree = "<group>";
		};
		28DEAC811FE3BE0A0006983C /* LaunchScreen.storyboard */ = {
			isa = PBXVariantGroup;
			children = (
				28DEAC821FE3BE0A0006983C /* Base */,
			);
			name = LaunchScreen.storyboard;
			sourceTree = "<group>";
		};
/* End PBXVariantGroup section */

/* Begin XCBuildConfiguration section */
		28DEAC871FE3BE0A0006983C /* Debug */ = {
			isa = XCBuildConfiguration;
			buildSettings = {
				ALWAYS_SEARCH_USER_PATHS = NO;
				CLANG_ANALYZER_NONNULL = YES;
				CLANG_ANALYZER_NUMBER_OBJECT_CONVERSION = YES_AGGRESSIVE;
				CLANG_CXX_LANGUAGE_STANDARD = "gnu++14";
				CLANG_CXX_LIBRARY = "libc++";
				CLANG_ENABLE_MODULES = YES;
				CLANG_ENABLE_OBJC_ARC = YES;
				CLANG_WARN_BLOCK_CAPTURE_AUTORELEASING = YES;
				CLANG_WARN_BOOL_CONVERSION = YES;
				CLANG_WARN_COMMA = YES;
				CLANG_WARN_CONSTANT_CONVERSION = YES;
				CLANG_WARN_DIRECT_OBJC_ISA_USAGE = YES_ERROR;
				CLANG_WARN_DOCUMENTATION_COMMENTS = YES;
				CLANG_WARN_EMPTY_BODY = YES;
				CLANG_WARN_ENUM_CONVERSION = YES;
				CLANG_WARN_INFINITE_RECURSION = YES;
				CLANG_WARN_INT_CONVERSION = YES;
				CLANG_WARN_NON_LITERAL_NULL_CONVERSION = YES;
				CLANG_WARN_OBJC_LITERAL_CONVERSION = YES;
				CLANG_WARN_OBJC_ROOT_CLASS = YES_ERROR;
				CLANG_WARN_RANGE_LOOP_ANALYSIS = YES;
				CLANG_WARN_STRICT_PROTOTYPES = YES;
				CLANG_WARN_SUSPICIOUS_MOVE = YES;
				CLANG_WARN_UNGUARDED_AVAILABILITY = YES_AGGRESSIVE;
				CLANG_WARN_UNREACHABLE_CODE = YES;
				CLANG_WARN__DUPLICATE_METHOD_MATCH = YES;
				CODE_SIGN_IDENTITY = "iPhone Developer";
				COPY_PHASE_STRIP = NO;
				DEBUG_INFORMATION_FORMAT = dwarf;
				ENABLE_STRICT_OBJC_MSGSEND = YES;
				ENABLE_TESTABILITY = YES;
				GCC_C_LANGUAGE_STANDARD = gnu11;
				GCC_DYNAMIC_NO_PIC = NO;
				GCC_NO_COMMON_BLOCKS = YES;
				GCC_OPTIMIZATION_LEVEL = 0;
				GCC_PREPROCESSOR_DEFINITIONS = (
					"DEBUG=1",
					"$(inherited)",
				);
				GCC_WARN_64_TO_32_BIT_CONVERSION = YES;
				GCC_WARN_ABOUT_RETURN_TYPE = YES_ERROR;
				GCC_WARN_UNDECLARED_SELECTOR = YES;
				GCC_WARN_UNINITIALIZED_AUTOS = YES_AGGRESSIVE;
				GCC_WARN_UNUSED_FUNCTION = YES;
				GCC_WARN_UNUSED_VARIABLE = YES;
				IPHONEOS_DEPLOYMENT_TARGET = 11.2;
				MTL_ENABLE_DEBUG_INFO = YES;
				ONLY_ACTIVE_ARCH = YES;
				SDKROOT = iphoneos;
			};
			name = Debug;
		};
		28DEAC881FE3BE0A0006983C /* Release */ = {
			isa = XCBuildConfiguration;
			buildSettings = {
				ALWAYS_SEARCH_USER_PATHS = NO;
				CLANG_ANALYZER_NONNULL = YES;
				CLANG_ANALYZER_NUMBER_OBJECT_CONVERSION = YES_AGGRESSIVE;
				CLANG_CXX_LANGUAGE_STANDARD = "gnu++14";
				CLANG_CXX_LIBRARY = "libc++";
				CLANG_ENABLE_MODULES = YES;
				CLANG_ENABLE_OBJC_ARC = YES;
				CLANG_WARN_BLOCK_CAPTURE_AUTORELEASING = YES;
				CLANG_WARN_BOOL_CONVERSION = YES;
				CLANG_WARN_COMMA = YES;
				CLANG_WARN_CONSTANT_CONVERSION = YES;
				CLANG_WARN_DIRECT_OBJC_ISA_USAGE = YES_ERROR;
				CLANG_WARN_DOCUMENTATION_COMMENTS = YES;
				CLANG_WARN_EMPTY_BODY = YES;
				CLANG_WARN_ENUM_CONVERSION = YES;
				CLANG_WARN_INFINITE_RECURSION = YES;
				CLANG_WARN_INT_CONVERSION = YES;
				CLANG_WARN_NON_LITERAL_NULL_CONVERSION = YES;
				CLANG_WARN_OBJC_LITERAL_CONVERSION = YES;
				CLANG_WARN_OBJC_ROOT_CLASS = YES_ERROR;
				CLANG_WARN_RANGE_LOOP_ANALYSIS = YES;
				CLANG_WARN_STRICT_PROTOTYPES = YES;
				CLANG_WARN_SUSPICIOUS_MOVE = YES;
				CLANG_WARN_UNGUARDED_AVAILABILITY = YES_AGGRESSIVE;
				CLANG_WARN_UNREACHABLE_CODE = YES;
				CLANG_WARN__DUPLICATE_METHOD_MATCH = YES;
				CODE_SIGN_IDENTITY = "iPhone Developer";
				COPY_PHASE_STRIP = NO;
				DEBUG_INFORMATION_FORMAT = "dwarf-with-dsym";
				ENABLE_NS_ASSERTIONS = NO;
				ENABLE_STRICT_OBJC_MSGSEND = YES;
				GCC_C_LANGUAGE_STANDARD = gnu11;
				GCC_NO_COMMON_BLOCKS = YES;
				GCC_WARN_64_TO_32_BIT_CONVERSION = YES;
				GCC_WARN_ABOUT_RETURN_TYPE = YES_ERROR;
				GCC_WARN_UNDECLARED_SELECTOR = YES;
				GCC_WARN_UNINITIALIZED_AUTOS = YES_AGGRESSIVE;
				GCC_WARN_UNUSED_FUNCTION = YES;
				GCC_WARN_UNUSED_VARIABLE = YES;
				IPHONEOS_DEPLOYMENT_TARGET = 11.2;
				MTL_ENABLE_DEBUG_INFO = NO;
				SDKROOT = iphoneos;
				VALIDATE_PRODUCT = YES;
			};
			name = Release;
		};
		28DEAC8A1FE3BE0A0006983C /* Debug */ = {
			isa = XCBuildConfiguration;
			buildSettings = {
				ASSETCATALOG_COMPILER_APPICON_NAME = AppIcon;
				CODE_SIGN_STYLE = Manual;
				DEVELOPMENT_TEAM = "";
				INFOPLIST_FILE = ChooseDate_XIB/Info.plist;
				LD_RUNPATH_SEARCH_PATHS = "$(inherited) @executable_path/Frameworks";
				PRODUCT_BUNDLE_IDENTIFIER = "lzwang.ChooseDate-XIB";
				PRODUCT_NAME = "$(TARGET_NAME)";
				PROVISIONING_PROFILE_SPECIFIER = "";
				TARGETED_DEVICE_FAMILY = "1,2";
			};
			name = Debug;
		};
		28DEAC8B1FE3BE0A0006983C /* Release */ = {
			isa = XCBuildConfiguration;
			buildSettings = {
				ASSETCATALOG_COMPILER_APPICON_NAME = AppIcon;
				CODE_SIGN_STYLE = Manual;
				DEVELOPMENT_TEAM = "";
				INFOPLIST_FILE = ChooseDate_XIB/Info.plist;
				LD_RUNPATH_SEARCH_PATHS = "$(inherited) @executable_path/Frameworks";
				PRODUCT_BUNDLE_IDENTIFIER = "lzwang.ChooseDate-XIB";
				PRODUCT_NAME = "$(TARGET_NAME)";
				PROVISIONING_PROFILE_SPECIFIER = "";
				TARGETED_DEVICE_FAMILY = "1,2";
			};
			name = Release;
		};
/* End XCBuildConfiguration section */

/* Begin XCConfigurationList section */
		28DEAC6E1FE3BE0A0006983C /* Build configuration list for PBXProject "ChooseDate_XIB" */ = {
			isa = XCConfigurationList;
			buildConfigurations = (
				28DEAC871FE3BE0A0006983C /* Debug */,
				28DEAC881FE3BE0A0006983C /* Release */,
			);
			defaultConfigurationIsVisible = 0;
			defaultConfigurationName = Release;
		};
		28DEAC891FE3BE0A0006983C /* Build configuration list for PBXNativeTarget "ChooseDate_XIB" */ = {
			isa = XCConfigurationList;
			buildConfigurations = (
				28DEAC8A1FE3BE0A0006983C /* Debug */,
				28DEAC8B1FE3BE0A0006983C /* Release */,
			);
			defaultConfigurationIsVisible = 0;
			defaultConfigurationName = Release;
		};
/* End XCConfigurationList section */
	};
	rootObject = 28DEAC6B1FE3BE0A0006983C /* Project object */;
}
